
Microsoft Visual Studio Solution File, Format Version 12.00
# Visual Studio Version 17
VisualStudioVersion = 17.12.35707.178
MinimumVisualStudioVersion = 10.0.40219.1
Project("{FAE04EC0-301F-11D3-BF4B-00C04F79EFBC}") = "DotNetJks", "DotNetJks\DotNetJks.csproj", "{6403A0BC-A901-4B7C-911A-D38795C0EA61}"
EndProject
Project("{FAE04EC0-301F-11D3-BF4B-00C04F79EFBC}") = "DotNetJksTests", "DotNetJksTests\DotNetJksTests.csproj", "{8CF1242F-6077-4C4D-909D-859B117AEE66}"
EndProject
Global
	GlobalSection(SolutionConfigurationPlatforms) = preSolution
		Debug|Any CPU = Debug|Any CPU
		Release|Any CPU = Release|Any CPU
	EndGlobalSection
	GlobalSection(ProjectConfigurationPlatforms) = postSolution
		{6403A0BC-A901-4B7C-911A-D38795C0EA61}.Debug|Any CPU.ActiveCfg = Debug|Any CPU
		{6403A0BC-A901-4B7C-911A-D38795C0EA61}.Debug|Any CPU.Build.0 = Debug|Any CPU
		{6403A0BC-A901-4B7C-911A-D38795C0EA61}.Release|Any CPU.ActiveCfg = Release|Any CPU
		{6403A0BC-A901-4B7C-911A-D38795C0EA61}.Release|Any CPU.Build.0 = Release|Any CPU
		{8CF1242F-6077-4C4D-909D-859B117AEE66}.Debug|Any CPU.ActiveCfg = Debug|Any CPU
		{8CF1242F-6077-4C4D-909D-859B117AEE66}.Debug|Any CPU.Build.0 = Debug|Any CPU
		{8CF1242F-6077-4C4D-909D-859B117AEE66}.Release|Any CPU.ActiveCfg = Release|Any CPU
		{8CF1242F-6077-4C4D-909D-859B117AEE66}.Release|Any CPU.Build.0 = Release|Any CPU
	EndGlobalSection
	GlobalSection(SolutionProperties) = preSolution
		HideSolutionNode = FALSE
	EndGlobalSection
EndGlobal
